
Microsoft Visual Studio Solution File, Format Version 12.00
# Visual Studio Version 16
VisualStudioVersion = 16.0.29613.14
MinimumVisualStudioVersion = 10.0.40219.1
Project("{FAE04EC0-301F-11D3-BF4B-00C04F79EFBC}") = "FreeRecycle.Web", "FreeRecycle.Web\FreeRecycle.Web.csproj", "{C6CE1C9F-CD3F-46E1-88DF-C72F2C3401BE}"
EndProject
Project("{FAE04EC0-301F-11D3-BF4B-00C04F79EFBC}") = "FreeRecycle.Data", "FreeRecycle.Data\FreeRecycle.Data.csproj", "{703AE8AB-696A-4BBB-9386-515079DBB979}"
EndProject
Global
	GlobalSection(SolutionConfigurationPlatforms) = preSolution
		Debug|Any CPU = Debug|Any CPU
		Release|Any CPU = Release|Any CPU
	EndGlobalSection
	GlobalSection(ProjectConfigurationPlatforms) = postSolution
		{C6CE1C9F-CD3F-46E1-88DF-C72F2C3401BE}.Debug|Any CPU.ActiveCfg = Debug|Any CPU
		{C6CE1C9F-CD3F-46E1-88DF-C72F2C3401BE}.Debug|Any CPU.Build.0 = Debug|Any CPU
		{C6CE1C9F-CD3F-46E1-88DF-C72F2C3401BE}.Release|Any CPU.ActiveCfg = Release|Any CPU
		{C6CE1C9F-CD3F-46E1-88DF-C72F2C3401BE}.Release|Any CPU.Build.0 = Release|Any CPU
		{703AE8AB-696A-4BBB-9386-515079DBB979}.Debug|Any CPU.ActiveCfg = Debug|Any CPU
		{703AE8AB-696A-4BBB-9386-515079DBB979}.Debug|Any CPU.Build.0 = Debug|Any CPU
		{703AE8AB-696A-4BBB-9386-515079DBB979}.Release|Any CPU.ActiveCfg = Release|Any CPU
		{703AE8AB-696A-4BBB-9386-515079DBB979}.Release|Any CPU.Build.0 = Release|Any CPU
	EndGlobalSection
	GlobalSection(SolutionProperties) = preSolution
		HideSolutionNode = FALSE
	EndGlobalSection
	GlobalSection(ExtensibilityGlobals) = postSolution
		SolutionGuid = {BDF6A4D0-EBC2-4011-80AD-E47AD301975B}
	EndGlobalSection
EndGlobal
